
Microsoft Visual Studio Solution File, Format Version 12.00
# Visual Studio Version 16
VisualStudioVersion = 16.0.810.22
MinimumVisualStudioVersion = 10.0.40219.1
Project("{FAE04EC0-301F-11D3-BF4B-00C04F79EFBC}") = "Piramide", "Piramide\Piramide.csproj", "{61AFE5F7-A764-47B1-B179-96C861CD59E9}"
EndProject
Project("{FAE04EC0-301F-11D3-BF4B-00C04F79EFBC}") = "Vertice", "Vertice\Vertice.csproj", "{99C7EEEB-0F14-4457-9FD7-E30AF5E7518E}"
EndProject
Project("{FAE04EC0-301F-11D3-BF4B-00C04F79EFBC}") = "Triangulo", "Triangulo\Triangulo.csproj", "{26C86324-2689-48B6-AFA9-6191093FCC54}"
EndProject
Project("{FAE04EC0-301F-11D3-BF4B-00C04F79EFBC}") = "Poligono", "Poligono\Poligono.csproj", "{C3F0A2E5-FC0A-4EDF-A930-D980EE0B6B7E}"
EndProject
Project("{FAE04EC0-301F-11D3-BF4B-00C04F79EFBC}") = "Intervalo", "Intervalo\Intervalo.csproj", "{B222B57F-04AC-42C7-8E3D-AC09740E942B}"
EndProject
Project("{FAE04EC0-301F-11D3-BF4B-00C04F79EFBC}") = "ListaIntervalo", "ListaIntervalo\ListaIntervalo.csproj", "{FE8D31A1-3DC3-48A6-A61D-BCE99322D97D}"
EndProject
Project("{FAE04EC0-301F-11D3-BF4B-00C04F79EFBC}") = "CadastroCliente", "CadastroCliente\CadastroCliente.csproj", "{E0655C35-73E3-40B6-8A7E-7FA2DD7E2EDE}"
EndProject
Global
	GlobalSection(SolutionConfigurationPlatforms) = preSolution
		Debug|Any CPU = Debug|Any CPU
		Release|Any CPU = Release|Any CPU
	EndGlobalSection
	GlobalSection(ProjectConfigurationPlatforms) = postSolution
		{61AFE5F7-A764-47B1-B179-96C861CD59E9}.Debug|Any CPU.ActiveCfg = Debug|Any CPU
		{61AFE5F7-A764-47B1-B179-96C861CD59E9}.Debug|Any CPU.Build.0 = Debug|Any CPU
		{61AFE5F7-A764-47B1-B179-96C861CD59E9}.Release|Any CPU.ActiveCfg = Release|Any CPU
		{61AFE5F7-A764-47B1-B179-96C861CD59E9}.Release|Any CPU.Build.0 = Release|Any CPU
		{99C7EEEB-0F14-4457-9FD7-E30AF5E7518E}.Debug|Any CPU.ActiveCfg = Debug|Any CPU
		{99C7EEEB-0F14-4457-9FD7-E30AF5E7518E}.Debug|Any CPU.Build.0 = Debug|Any CPU
		{99C7EEEB-0F14-4457-9FD7-E30AF5E7518E}.Release|Any CPU.ActiveCfg = Release|Any CPU
		{99C7EEEB-0F14-4457-9FD7-E30AF5E7518E}.Release|Any CPU.Build.0 = Release|Any CPU
		{26C86324-2689-48B6-AFA9-6191093FCC54}.Debug|Any CPU.ActiveCfg = Debug|Any CPU
		{26C86324-2689-48B6-AFA9-6191093FCC54}.Debug|Any CPU.Build.0 = Debug|Any CPU
		{26C86324-2689-48B6-AFA9-6191093FCC54}.Release|Any CPU.ActiveCfg = Release|Any CPU
		{26C86324-2689-48B6-AFA9-6191093FCC54}.Release|Any CPU.Build.0 = Release|Any CPU
		{C3F0A2E5-FC0A-4EDF-A930-D980EE0B6B7E}.Debug|Any CPU.ActiveCfg = Debug|Any CPU
		{C3F0A2E5-FC0A-4EDF-A930-D980EE0B6B7E}.Debug|Any CPU.Build.0 = Debug|Any CPU
		{C3F0A2E5-FC0A-4EDF-A930-D980EE0B6B7E}.Release|Any CPU.ActiveCfg = Release|Any CPU
		{C3F0A2E5-FC0A-4EDF-A930-D980EE0B6B7E}.Release|Any CPU.Build.0 = Release|Any CPU
		{B222B57F-04AC-42C7-8E3D-AC09740E942B}.Debug|Any CPU.ActiveCfg = Debug|Any CPU
		{B222B57F-04AC-42C7-8E3D-AC09740E942B}.Debug|Any CPU.Build.0 = Debug|Any CPU
		{B222B57F-04AC-42C7-8E3D-AC09740E942B}.Release|Any CPU.ActiveCfg = Release|Any CPU
		{B222B57F-04AC-42C7-8E3D-AC09740E942B}.Release|Any CPU.Build.0 = Release|Any CPU
		{FE8D31A1-3DC3-48A6-A61D-BCE99322D97D}.Debug|Any CPU.ActiveCfg = Debug|Any CPU
		{FE8D31A1-3DC3-48A6-A61D-BCE99322D97D}.Debug|Any CPU.Build.0 = Debug|Any CPU
		{FE8D31A1-3DC3-48A6-A61D-BCE99322D97D}.Release|Any CPU.ActiveCfg = Release|Any CPU
		{FE8D31A1-3DC3-48A6-A61D-BCE99322D97D}.Release|Any CPU.Build.0 = Release|Any CPU
		{E0655C35-73E3-40B6-8A7E-7FA2DD7E2EDE}.Debug|Any CPU.ActiveCfg = Debug|Any CPU
		{E0655C35-73E3-40B6-8A7E-7FA2DD7E2EDE}.Debug|Any CPU.Build.0 = Debug|Any CPU
		{E0655C35-73E3-40B6-8A7E-7FA2DD7E2EDE}.Release|Any CPU.ActiveCfg = Release|Any CPU
		{E0655C35-73E3-40B6-8A7E-7FA2DD7E2EDE}.Release|Any CPU.Build.0 = Release|Any CPU
	EndGlobalSection
	GlobalSection(SolutionProperties) = preSolution
		HideSolutionNode = FALSE
	EndGlobalSection
	GlobalSection(ExtensibilityGlobals) = postSolution
		SolutionGuid = {AE184159-EE56-4E48-8B08-6D16A90302EA}
	EndGlobalSection
EndGlobal
